
Microsoft Visual Studio Solution File, Format Version 12.00
# Visual Studio 15
VisualStudioVersion = 15.0.27703.2035
MinimumVisualStudioVersion = 10.0.40219.1
Project("{FAE04EC0-301F-11D3-BF4B-00C04F79EFBC}") = "StarWarsAPI", "StarWarsAPI\StarWarsAPI.csproj", "{4E9EAC8B-9017-4467-80BA-58CD5B940221}"
EndProject
Global
	GlobalSection(SolutionConfigurationPlatforms) = preSolution
		Debug|Any CPU = Debug|Any CPU
		Release|Any CPU = Release|Any CPU
	EndGlobalSection
	GlobalSection(ProjectConfigurationPlatforms) = postSolution
		{4E9EAC8B-9017-4467-80BA-58CD5B940221}.Debug|Any CPU.ActiveCfg = Debug|Any CPU
		{4E9EAC8B-9017-4467-80BA-58CD5B940221}.Debug|Any CPU.Build.0 = Debug|Any CPU
		{4E9EAC8B-9017-4467-80BA-58CD5B940221}.Release|Any CPU.ActiveCfg = Release|Any CPU
		{4E9EAC8B-9017-4467-80BA-58CD5B940221}.Release|Any CPU.Build.0 = Release|Any CPU
	EndGlobalSection
	GlobalSection(SolutionProperties) = preSolution
		HideSolutionNode = FALSE
	EndGlobalSection
	GlobalSection(ExtensibilityGlobals) = postSolution
		SolutionGuid = {510187B4-A44C-4CCA-A4A9-1D0600CC8E2E}
	EndGlobalSection
EndGlobal
